PODS:
  - Flutter (1.0.0)
  - image_cropper (0.0.4):
    - Flutter
    - TOCropViewController (~> 2.8.0)
  - TOCropViewController (2.8.0)

DEPENDENCIES:
  - Flutter (from `Flutter`)
  - image_cropper (from `.symlinks/plugins/image_cropper/ios`)

SPEC REPOS:
  trunk:
    - TOCropViewController

EXTERNAL SOURCES:
  Flutter:
    :path: Flutter
  image_cropper:
    :path: ".symlinks/plugins/image_cropper/ios"

SPEC CHECKSUMS:
  Flutter: cabc95a1d2626b1b06e7179b784ebcf0c0cde467
  image_cropper: 64567491beea6cd1bc4b11948e2babb590de5826
  TOCropViewController: 797deaf39c90e6e9ddd848d88817f6b9a8a09888

PODFILE CHECKSUM: 0ad270509ef38c7692aeeb1e9b791a60975ab3a4

COCOAPODS: 1.16.2
